
Microsoft Visual Studio Solution File, Format Version 12.00
# Visual Studio Version 16
VisualStudioVersion = 16.0.31911.196
MinimumVisualStudioVersion = 10.0.40219.1
Project("{FAE04EC0-301F-11D3-BF4B-00C04F79EFBC}") = "mic2021", "mic2021\mic2021.csproj", "{FC365C53-D6C5-4AB3-B090-80B6A6C3BC14}"
EndProject
Global
	GlobalSection(SolutionConfigurationPlatforms) = preSolution
		Debug|Any CPU = Debug|Any CPU
		Release|Any CPU = Release|Any CPU
	EndGlobalSection
	GlobalSection(ProjectConfigurationPlatforms) = postSolution
		{FC365C53-D6C5-4AB3-B090-80B6A6C3BC14}.Debug|Any CPU.ActiveCfg = Debug|Any CPU
		{FC365C53-D6C5-4AB3-B090-80B6A6C3BC14}.Debug|Any CPU.Build.0 = Debug|Any CPU
		{FC365C53-D6C5-4AB3-B090-80B6A6C3BC14}.Release|Any CPU.ActiveCfg = Release|Any CPU
		{FC365C53-D6C5-4AB3-B090-80B6A6C3BC14}.Release|Any CPU.Build.0 = Release|Any CPU
	EndGlobalSection
	GlobalSection(SolutionProperties) = preSolution
		HideSolutionNode = FALSE
	EndGlobalSection
	GlobalSection(ExtensibilityGlobals) = postSolution
		SolutionGuid = {7565C8B0-3435-4EB7-BB93-8929A83F1D2B}
	EndGlobalSection
EndGlobal
